
Microsoft Visual Studio Solution File, Format Version 12.00
# Visual Studio Version 16
VisualStudioVersion = 16.0.30907.101
MinimumVisualStudioVersion = 10.0.40219.1
Project("{FAE04EC0-301F-11D3-BF4B-00C04F79EFBC}") = "ClassMetotDemo", "ClassMetotDemo\ClassMetotDemo.csproj", "{BD61E169-5E09-49C6-8C7C-8F810A210DF1}"
EndProject
Global
	GlobalSection(SolutionConfigurationPlatforms) = preSolution
		Debug|Any CPU = Debug|Any CPU
		Release|Any CPU = Release|Any CPU
	EndGlobalSection
	GlobalSection(ProjectConfigurationPlatforms) = postSolution
		{BD61E169-5E09-49C6-8C7C-8F810A210DF1}.Debug|Any CPU.ActiveCfg = Debug|Any CPU
		{BD61E169-5E09-49C6-8C7C-8F810A210DF1}.Debug|Any CPU.Build.0 = Debug|Any CPU
		{BD61E169-5E09-49C6-8C7C-8F810A210DF1}.Release|Any CPU.ActiveCfg = Release|Any CPU
		{BD61E169-5E09-49C6-8C7C-8F810A210DF1}.Release|Any CPU.Build.0 = Release|Any CPU
	EndGlobalSection
	GlobalSection(SolutionProperties) = preSolution
		HideSolutionNode = FALSE
	EndGlobalSection
	GlobalSection(ExtensibilityGlobals) = postSolution
		SolutionGuid = {7DCE7539-91D3-40DD-A712-81679B211605}
	EndGlobalSection
EndGlobal
